
Microsoft Visual Studio Solution File, Format Version 12.00
Project("{FAE04EC0-301F-11D3-BF4B-00C04F79EFBC}") = "HW4", "HW4\HW4.csproj", "{1F7C995D-615D-4F8D-A8DF-E1A74770DFDD}"
EndProject
Global
	GlobalSection(SolutionConfigurationPlatforms) = preSolution
		Debug|Any CPU = Debug|Any CPU
		Release|Any CPU = Release|Any CPU
	EndGlobalSection
	GlobalSection(ProjectConfigurationPlatforms) = postSolution
		{1F7C995D-615D-4F8D-A8DF-E1A74770DFDD}.Debug|Any CPU.ActiveCfg = Debug|Any CPU
		{1F7C995D-615D-4F8D-A8DF-E1A74770DFDD}.Debug|Any CPU.Build.0 = Debug|Any CPU
		{1F7C995D-615D-4F8D-A8DF-E1A74770DFDD}.Release|Any CPU.ActiveCfg = Release|Any CPU
		{1F7C995D-615D-4F8D-A8DF-E1A74770DFDD}.Release|Any CPU.Build.0 = Release|Any CPU
	EndGlobalSection
EndGlobal
