
Microsoft Visual Studio Solution File, Format Version 12.00
Project("{FAE04EC0-301F-11D3-BF4B-00C04F79EFBC}") = "hw2", "hw2\hw2.csproj", "{B39F3764-0E75-4B72-B32C-66AEFDDEE061}"
EndProject
Global
	GlobalSection(SolutionConfigurationPlatforms) = preSolution
		Debug|Any CPU = Debug|Any CPU
		Release|Any CPU = Release|Any CPU
	EndGlobalSection
	GlobalSection(ProjectConfigurationPlatforms) = postSolution
		{B39F3764-0E75-4B72-B32C-66AEFDDEE061}.Debug|Any CPU.ActiveCfg = Debug|Any CPU
		{B39F3764-0E75-4B72-B32C-66AEFDDEE061}.Debug|Any CPU.Build.0 = Debug|Any CPU
		{B39F3764-0E75-4B72-B32C-66AEFDDEE061}.Release|Any CPU.ActiveCfg = Release|Any CPU
		{B39F3764-0E75-4B72-B32C-66AEFDDEE061}.Release|Any CPU.Build.0 = Release|Any CPU
	EndGlobalSection
EndGlobal
